
Microsoft Visual Studio Solution File, Format Version 12.00
# Visual Studio Version 17
VisualStudioVersion = 17.9.34616.47
MinimumVisualStudioVersion = 10.0.40219.1
Project("{FAE04EC0-301F-11D3-BF4B-00C04F79EFBC}") = "MemLeakInspector", "MemLeakInspector.csproj", "{AB80C4BC-1D3F-412D-9DCC-0E29D182645A}"
EndProject
Global
	GlobalSection(SolutionConfigurationPlatforms) = preSolution
		Debug|Any CPU = Debug|Any CPU
		Release|Any CPU = Release|Any CPU
	EndGlobalSection
	GlobalSection(ProjectConfigurationPlatforms) = postSolution
		{AB80C4BC-1D3F-412D-9DCC-0E29D182645A}.Debug|Any CPU.ActiveCfg = Debug|Any CPU
		{AB80C4BC-1D3F-412D-9DCC-0E29D182645A}.Debug|Any CPU.Build.0 = Debug|Any CPU
		{AB80C4BC-1D3F-412D-9DCC-0E29D182645A}.Release|Any CPU.ActiveCfg = Release|Any CPU
		{AB80C4BC-1D3F-412D-9DCC-0E29D182645A}.Release|Any CPU.Build.0 = Release|Any CPU
	EndGlobalSection
	GlobalSection(SolutionProperties) = preSolution
		HideSolutionNode = FALSE
	EndGlobalSection
	GlobalSection(ExtensibilityGlobals) = postSolution
		SolutionGuid = {B705FF60-6D2B-473F-8137-1FF56C76BDBD}
	EndGlobalSection
EndGlobal
